
Microsoft Visual Studio Solution File, Format Version 12.00
# Visual Studio Version 17
VisualStudioVersion = 17.2.32526.322
MinimumVisualStudioVersion = 10.0.40219.1
Project("{9A19103F-16F7-4668-BE54-9A1E7A4F7556}") = "Blog_Page", "Blog_Page\Blog_Page.csproj", "{059F7728-7643-4391-99A5-2F265D14FD57}"
EndProject
Global
	GlobalSection(SolutionConfigurationPlatforms) = preSolution
		Debug|Any CPU = Debug|Any CPU
		Release|Any CPU = Release|Any CPU
	EndGlobalSection
	GlobalSection(ProjectConfigurationPlatforms) = postSolution
		{059F7728-7643-4391-99A5-2F265D14FD57}.Debug|Any CPU.ActiveCfg = Debug|Any CPU
		{059F7728-7643-4391-99A5-2F265D14FD57}.Debug|Any CPU.Build.0 = Debug|Any CPU
		{059F7728-7643-4391-99A5-2F265D14FD57}.Release|Any CPU.ActiveCfg = Release|Any CPU
		{059F7728-7643-4391-99A5-2F265D14FD57}.Release|Any CPU.Build.0 = Release|Any CPU
	EndGlobalSection
	GlobalSection(SolutionProperties) = preSolution
		HideSolutionNode = FALSE
	EndGlobalSection
	GlobalSection(ExtensibilityGlobals) = postSolution
		SolutionGuid = {2AD70777-2E5D-44DF-8675-74DEF7F95F7F}
	EndGlobalSection
EndGlobal
